
Microsoft Visual Studio Solution File, Format Version 12.00
# Visual Studio Version 17
VisualStudioVersion = 17.6.33815.320
MinimumVisualStudioVersion = 10.0.40219.1
Project("{2150E333-8FDC-42A3-9474-1A3956D46DE8}") = "Solution Items", "Solution Items", "{2D3632A9-3DE4-4E64-AC3E-94810F2F55D0}"
	ProjectSection(SolutionItems) = preProject
		Changelog.md = Changelog.md
		Directory.Build.props = Directory.Build.props
		GitVersion.yml = GitVersion.yml
		LICENSE = LICENSE
		Readme.md = Readme.md
		.gitignore = .gitignore
	EndProjectSection
EndProject
Project("{9A19103F-16F7-4668-BE54-9A1E7A4F7556}") = "YoutubeDownloader", "YoutubeDownloader\YoutubeDownloader.csproj", "{A7C8A144-D9EC-4DDA-8CE3-D48BA3AD88CD}"
EndProject
Project("{9A19103F-16F7-4668-BE54-9A1E7A4F7556}") = "YoutubeDownloader.Converter", "YoutubeDownloader.Converter\YoutubeDownloader.Converter.csproj", "{935F85EC-5B73-4BFB-B802-56ACD20B2F59}"
EndProject
Project("{9A19103F-16F7-4668-BE54-9A1E7A4F7556}") = "YoutubeDownloader.Converter.Tests", "YoutubeDownloader.Converter.Tests\YoutubeDownloader.Converter.Tests.csproj", "{F39025C7-AB2B-48AD-AB9F-D715A8440F19}"
EndProject
Project("{9A19103F-16F7-4668-BE54-9A1E7A4F7556}") = "YoutubeDownloader.Tests", "YoutubeDownloader.Tests\YoutubeDownloader.Tests.csproj", "{35931F1E-2B33-47BB-B3A3-B405EC13F2EE}"
EndProject
Project("{2150E333-8FDC-42A3-9474-1A3956D46DE8}") = "workflows", "workflows", "{8A664B29-C9CC-4703-A30D-DC31C56A4801}"
	ProjectSection(SolutionItems) = preProject
		.github\workflows\nuget-stable-deploy.yml = .github\workflows\nuget-stable-deploy.yml
	EndProjectSection
EndProject
Project("{2150E333-8FDC-42A3-9474-1A3956D46DE8}") = "src", "src", "{CD9FCE3D-6EE6-4C14-89FE-93FB045C83D6}"
EndProject
Project("{2150E333-8FDC-42A3-9474-1A3956D46DE8}") = "tests", "tests", "{3E5FD1F9-8A5F-47B2-89A6-F61F757E1366}"
EndProject
Project("{2150E333-8FDC-42A3-9474-1A3956D46DE8}") = "sample", "sample", "{B5D28432-E78A-4141-9ADF-8E8411CAEACD}"
EndProject
Project("{9A19103F-16F7-4668-BE54-9A1E7A4F7556}") = "YoutubeDownloader.Demo.Gui", "YoutubeDownloader.Demo.Gui\YoutubeDownloader.Demo.Gui.csproj", "{B5400F96-4C2B-4F7D-825A-7E07922E83DE}"
EndProject
Project("{9A19103F-16F7-4668-BE54-9A1E7A4F7556}") = "YoutubeDownloader.Demo.Cli", "YoutubeDownloader.Demo.Cli\YoutubeDownloader.Demo.Cli.csproj", "{39E356A0-1AD8-498A-AC99-F6C0389E0F19}"
EndProject
Global
	GlobalSection(SolutionConfigurationPlatforms) = preSolution
		Debug|Any CPU = Debug|Any CPU
		Release|Any CPU = Release|Any CPU
	EndGlobalSection
	GlobalSection(ProjectConfigurationPlatforms) = postSolution
		{A7C8A144-D9EC-4DDA-8CE3-D48BA3AD88CD}.Debug|Any CPU.ActiveCfg = Debug|Any CPU
		{A7C8A144-D9EC-4DDA-8CE3-D48BA3AD88CD}.Debug|Any CPU.Build.0 = Debug|Any CPU
		{A7C8A144-D9EC-4DDA-8CE3-D48BA3AD88CD}.Release|Any CPU.ActiveCfg = Release|Any CPU
		{A7C8A144-D9EC-4DDA-8CE3-D48BA3AD88CD}.Release|Any CPU.Build.0 = Release|Any CPU
		{935F85EC-5B73-4BFB-B802-56ACD20B2F59}.Debug|Any CPU.ActiveCfg = Debug|Any CPU
		{935F85EC-5B73-4BFB-B802-56ACD20B2F59}.Debug|Any CPU.Build.0 = Debug|Any CPU
		{935F85EC-5B73-4BFB-B802-56ACD20B2F59}.Release|Any CPU.ActiveCfg = Release|Any CPU
		{935F85EC-5B73-4BFB-B802-56ACD20B2F59}.Release|Any CPU.Build.0 = Release|Any CPU
		{F39025C7-AB2B-48AD-AB9F-D715A8440F19}.Debug|Any CPU.ActiveCfg = Debug|Any CPU
		{F39025C7-AB2B-48AD-AB9F-D715A8440F19}.Debug|Any CPU.Build.0 = Debug|Any CPU
		{F39025C7-AB2B-48AD-AB9F-D715A8440F19}.Release|Any CPU.ActiveCfg = Release|Any CPU
		{F39025C7-AB2B-48AD-AB9F-D715A8440F19}.Release|Any CPU.Build.0 = Release|Any CPU
		{35931F1E-2B33-47BB-B3A3-B405EC13F2EE}.Debug|Any CPU.ActiveCfg = Debug|Any CPU
		{35931F1E-2B33-47BB-B3A3-B405EC13F2EE}.Debug|Any CPU.Build.0 = Debug|Any CPU
		{35931F1E-2B33-47BB-B3A3-B405EC13F2EE}.Release|Any CPU.ActiveCfg = Release|Any CPU
		{35931F1E-2B33-47BB-B3A3-B405EC13F2EE}.Release|Any CPU.Build.0 = Release|Any CPU
		{B5400F96-4C2B-4F7D-825A-7E07922E83DE}.Debug|Any CPU.ActiveCfg = Debug|Any CPU
		{B5400F96-4C2B-4F7D-825A-7E07922E83DE}.Debug|Any CPU.Build.0 = Debug|Any CPU
		{B5400F96-4C2B-4F7D-825A-7E07922E83DE}.Release|Any CPU.ActiveCfg = Release|Any CPU
		{B5400F96-4C2B-4F7D-825A-7E07922E83DE}.Release|Any CPU.Build.0 = Release|Any CPU
		{39E356A0-1AD8-498A-AC99-F6C0389E0F19}.Debug|Any CPU.ActiveCfg = Debug|Any CPU
		{39E356A0-1AD8-498A-AC99-F6C0389E0F19}.Debug|Any CPU.Build.0 = Debug|Any CPU
		{39E356A0-1AD8-498A-AC99-F6C0389E0F19}.Release|Any CPU.ActiveCfg = Release|Any CPU
		{39E356A0-1AD8-498A-AC99-F6C0389E0F19}.Release|Any CPU.Build.0 = Release|Any CPU
	EndGlobalSection
	GlobalSection(SolutionProperties) = preSolution
		HideSolutionNode = FALSE
	EndGlobalSection
	GlobalSection(NestedProjects) = preSolution
		{A7C8A144-D9EC-4DDA-8CE3-D48BA3AD88CD} = {CD9FCE3D-6EE6-4C14-89FE-93FB045C83D6}
		{935F85EC-5B73-4BFB-B802-56ACD20B2F59} = {CD9FCE3D-6EE6-4C14-89FE-93FB045C83D6}
		{F39025C7-AB2B-48AD-AB9F-D715A8440F19} = {3E5FD1F9-8A5F-47B2-89A6-F61F757E1366}
		{35931F1E-2B33-47BB-B3A3-B405EC13F2EE} = {3E5FD1F9-8A5F-47B2-89A6-F61F757E1366}
		{8A664B29-C9CC-4703-A30D-DC31C56A4801} = {2D3632A9-3DE4-4E64-AC3E-94810F2F55D0}
		{B5400F96-4C2B-4F7D-825A-7E07922E83DE} = {B5D28432-E78A-4141-9ADF-8E8411CAEACD}
		{39E356A0-1AD8-498A-AC99-F6C0389E0F19} = {B5D28432-E78A-4141-9ADF-8E8411CAEACD}
	EndGlobalSection
	GlobalSection(ExtensibilityGlobals) = postSolution
		SolutionGuid = {DEA5BDC6-C56D-4AC1-A8C6-2C64A5A75FDD}
	EndGlobalSection
EndGlobal
